
Microsoft Visual Studio Solution File, Format Version 12.00
# Visual Studio 15
VisualStudioVersion = 15.0.28307.1082
MinimumVisualStudioVersion = 10.0.40219.1
Project("{8BC9CEB8-8B4A-11D0-8D11-00A0C91BC942}") = "NewSettlers4Project", "NewSettlers4Project\NewSettlers4Project.vcxproj", "{9EA15B00-D94A-4279-8E91-F14D41C86EEA}"
EndProject
Global
	GlobalSection(SolutionConfigurationPlatforms) = preSolution
		Debug|x64 = Debug|x64
		Debug|x86 = Debug|x86
		Release|x64 = Release|x64
		Release|x86 = Release|x86
	EndGlobalSection
	GlobalSection(ProjectConfigurationPlatforms) = postSolution
		{9EA15B00-D94A-4279-8E91-F14D41C86EEA}.Debug|x64.ActiveCfg = Debug|x64
		{9EA15B00-D94A-4279-8E91-F14D41C86EEA}.Debug|x64.Build.0 = Debug|x64
		{9EA15B00-D94A-4279-8E91-F14D41C86EEA}.Debug|x86.ActiveCfg = Debug|Win32
		{9EA15B00-D94A-4279-8E91-F14D41C86EEA}.Debug|x86.Build.0 = Debug|Win32
		{9EA15B00-D94A-4279-8E91-F14D41C86EEA}.Release|x64.ActiveCfg = Release|x64
		{9EA15B00-D94A-4279-8E91-F14D41C86EEA}.Release|x64.Build.0 = Release|x64
		{9EA15B00-D94A-4279-8E91-F14D41C86EEA}.Release|x86.ActiveCfg = Release|Win32
		{9EA15B00-D94A-4279-8E91-F14D41C86EEA}.Release|x86.Build.0 = Release|Win32
	EndGlobalSection
	GlobalSection(SolutionProperties) = preSolution
		HideSolutionNode = FALSE
	EndGlobalSection
	GlobalSection(ExtensibilityGlobals) = postSolution
		SolutionGuid = {7B5BE065-EFF7-4E71-B7F2-6DFF97E8EBB5}
	EndGlobalSection
EndGlobal
